
Microsoft Visual Studio Solution File, Format Version 12.00
# Visual Studio Version 17
VisualStudioVersion = 17.3.32929.385
MinimumVisualStudioVersion = 10.0.40219.1
Project("{FAE04EC0-301F-11D3-BF4B-00C04F79EFBC}") = "Extensions.Core.DependencyInjection", "Extensions.Core.DependencyInjection\Extensions.Core.DependencyInjection.csproj", "{C2218BA2-3799-41F6-AEDD-0BAD27DCEF58}"
EndProject
Global
	GlobalSection(SolutionConfigurationPlatforms) = preSolution
		Debug|Any CPU = Debug|Any CPU
		Release|Any CPU = Release|Any CPU
	EndGlobalSection
	GlobalSection(ProjectConfigurationPlatforms) = postSolution
		{C2218BA2-3799-41F6-AEDD-0BAD27DCEF58}.Debug|Any CPU.ActiveCfg = Debug|Any CPU
		{C2218BA2-3799-41F6-AEDD-0BAD27DCEF58}.Debug|Any CPU.Build.0 = Debug|Any CPU
		{C2218BA2-3799-41F6-AEDD-0BAD27DCEF58}.Release|Any CPU.ActiveCfg = Release|Any CPU
		{C2218BA2-3799-41F6-AEDD-0BAD27DCEF58}.Release|Any CPU.Build.0 = Release|Any CPU
	EndGlobalSection
	GlobalSection(SolutionProperties) = preSolution
		HideSolutionNode = FALSE
	EndGlobalSection
	GlobalSection(ExtensibilityGlobals) = postSolution
		SolutionGuid = {9CCB75A8-0DFB-4496-8A0E-757D136FC85A}
	EndGlobalSection
EndGlobal
